
Microsoft Visual Studio Solution File, Format Version 12.00
# Visual Studio 15
VisualStudioVersion = 15.0.27428.2015
MinimumVisualStudioVersion = 10.0.40219.1
Project("{FAE04EC0-301F-11D3-BF4B-00C04F79EFBC}") = "TME.Store.Android", "TME.Store.Android\TME.Store.Android.csproj", "{C1DCBC74-7FF2-4602-89F3-44590099743C}"
EndProject
Project("{FAE04EC0-301F-11D3-BF4B-00C04F79EFBC}") = "TME.Store", "TME.Store\TME.Store.csproj", "{69BD3162-A104-4C8C-B2E4-FBD3BA9E1BF4}"
EndProject
Project("{FAE04EC0-301F-11D3-BF4B-00C04F79EFBC}") = "TME.Store.Registrations", "TME.Store.Registrations\TME.Store.Registrations.csproj", "{08C3CA31-1B96-4043-8626-6FBA99F8C084}"
EndProject
Project("{FAE04EC0-301F-11D3-BF4B-00C04F79EFBC}") = "TME.Api.Domain", "TME.Api.Domain\TME.Api.Domain.csproj", "{E16963D9-937B-45CE-9245-7995BA1B832C}"
EndProject
Project("{FAE04EC0-301F-11D3-BF4B-00C04F79EFBC}") = "TME.Api.Contracts", "TME.Api.Contracts\TME.Api.Contracts.csproj", "{8ED0A8BE-5447-4788-AA36-EEE6FBAA9969}"
EndProject
Project("{FAE04EC0-301F-11D3-BF4B-00C04F79EFBC}") = "TME.Store.Domain", "TME.Store.Domain\TME.Store.Domain.csproj", "{CB1530E1-68F5-4B8A-B1C1-7289CA33F3A4}"
EndProject
Project("{FAE04EC0-301F-11D3-BF4B-00C04F79EFBC}") = "TME.Store.Logic", "TME.Store.Logic\TME.Store.Logic.csproj", "{04275787-CD19-4D39-AC41-4686A6F1D771}"
EndProject
Project("{FAE04EC0-301F-11D3-BF4B-00C04F79EFBC}") = "TME.Store.iOS", "TME.Store.iOS\TME.Store.iOS.csproj", "{A6AEB9C8-1BB8-4A21-88DE-42453F651B18}"
EndProject
Global
	GlobalSection(SolutionConfigurationPlatforms) = preSolution
		Debug|Any CPU = Debug|Any CPU
		Release|Any CPU = Release|Any CPU
		Debug|iPhoneSimulator = Debug|iPhoneSimulator
		Release|iPhoneSimulator = Release|iPhoneSimulator
		Debug|iPhone = Debug|iPhone
		Release|iPhone = Release|iPhone
		Ad-Hoc|iPhone = Ad-Hoc|iPhone
		AppStore|iPhone = AppStore|iPhone
	EndGlobalSection
	GlobalSection(ProjectConfigurationPlatforms) = postSolution
		{C1DCBC74-7FF2-4602-89F3-44590099743C}.Debug|Any CPU.ActiveCfg = Debug|Any CPU
		{C1DCBC74-7FF2-4602-89F3-44590099743C}.Debug|Any CPU.Build.0 = Debug|Any CPU
		{C1DCBC74-7FF2-4602-89F3-44590099743C}.Debug|Any CPU.Deploy.0 = Debug|Any CPU
		{C1DCBC74-7FF2-4602-89F3-44590099743C}.Release|Any CPU.ActiveCfg = Release|Any CPU
		{C1DCBC74-7FF2-4602-89F3-44590099743C}.Release|Any CPU.Build.0 = Release|Any CPU
		{C1DCBC74-7FF2-4602-89F3-44590099743C}.Release|Any CPU.Deploy.0 = Release|Any CPU
		{C1DCBC74-7FF2-4602-89F3-44590099743C}.Debug|iPhoneSimulator.ActiveCfg = Debug|Any CPU
		{C1DCBC74-7FF2-4602-89F3-44590099743C}.Debug|iPhoneSimulator.Build.0 = Debug|Any CPU
		{C1DCBC74-7FF2-4602-89F3-44590099743C}.Release|iPhoneSimulator.ActiveCfg = Release|Any CPU
		{C1DCBC74-7FF2-4602-89F3-44590099743C}.Release|iPhoneSimulator.Build.0 = Release|Any CPU
		{C1DCBC74-7FF2-4602-89F3-44590099743C}.Debug|iPhone.ActiveCfg = Debug|Any CPU
		{C1DCBC74-7FF2-4602-89F3-44590099743C}.Debug|iPhone.Build.0 = Debug|Any CPU
		{C1DCBC74-7FF2-4602-89F3-44590099743C}.Release|iPhone.ActiveCfg = Release|Any CPU
		{C1DCBC74-7FF2-4602-89F3-44590099743C}.Release|iPhone.Build.0 = Release|Any CPU
		{C1DCBC74-7FF2-4602-89F3-44590099743C}.Ad-Hoc|iPhone.ActiveCfg = Debug|Any CPU
		{C1DCBC74-7FF2-4602-89F3-44590099743C}.Ad-Hoc|iPhone.Build.0 = Debug|Any CPU
		{C1DCBC74-7FF2-4602-89F3-44590099743C}.AppStore|iPhone.ActiveCfg = Debug|Any CPU
		{C1DCBC74-7FF2-4602-89F3-44590099743C}.AppStore|iPhone.Build.0 = Debug|Any CPU
		{69BD3162-A104-4C8C-B2E4-FBD3BA9E1BF4}.Debug|Any CPU.ActiveCfg = Debug|Any CPU
		{69BD3162-A104-4C8C-B2E4-FBD3BA9E1BF4}.Debug|Any CPU.Build.0 = Debug|Any CPU
		{69BD3162-A104-4C8C-B2E4-FBD3BA9E1BF4}.Release|Any CPU.ActiveCfg = Release|Any CPU
		{69BD3162-A104-4C8C-B2E4-FBD3BA9E1BF4}.Release|Any CPU.Build.0 = Release|Any CPU
		{69BD3162-A104-4C8C-B2E4-FBD3BA9E1BF4}.Debug|iPhoneSimulator.ActiveCfg = Debug|Any CPU
		{69BD3162-A104-4C8C-B2E4-FBD3BA9E1BF4}.Debug|iPhoneSimulator.Build.0 = Debug|Any CPU
		{69BD3162-A104-4C8C-B2E4-FBD3BA9E1BF4}.Release|iPhoneSimulator.ActiveCfg = Release|Any CPU
		{69BD3162-A104-4C8C-B2E4-FBD3BA9E1BF4}.Release|iPhoneSimulator.Build.0 = Release|Any CPU
		{69BD3162-A104-4C8C-B2E4-FBD3BA9E1BF4}.Debug|iPhone.ActiveCfg = Debug|Any CPU
		{69BD3162-A104-4C8C-B2E4-FBD3BA9E1BF4}.Debug|iPhone.Build.0 = Debug|Any CPU
		{69BD3162-A104-4C8C-B2E4-FBD3BA9E1BF4}.Release|iPhone.ActiveCfg = Release|Any CPU
		{69BD3162-A104-4C8C-B2E4-FBD3BA9E1BF4}.Release|iPhone.Build.0 = Release|Any CPU
		{69BD3162-A104-4C8C-B2E4-FBD3BA9E1BF4}.Ad-Hoc|iPhone.ActiveCfg = Debug|Any CPU
		{69BD3162-A104-4C8C-B2E4-FBD3BA9E1BF4}.Ad-Hoc|iPhone.Build.0 = Debug|Any CPU
		{69BD3162-A104-4C8C-B2E4-FBD3BA9E1BF4}.AppStore|iPhone.ActiveCfg = Debug|Any CPU
		{69BD3162-A104-4C8C-B2E4-FBD3BA9E1BF4}.AppStore|iPhone.Build.0 = Debug|Any CPU
		{08C3CA31-1B96-4043-8626-6FBA99F8C084}.Debug|Any CPU.ActiveCfg = Debug|Any CPU
		{08C3CA31-1B96-4043-8626-6FBA99F8C084}.Debug|Any CPU.Build.0 = Debug|Any CPU
		{08C3CA31-1B96-4043-8626-6FBA99F8C084}.Release|Any CPU.ActiveCfg = Release|Any CPU
		{08C3CA31-1B96-4043-8626-6FBA99F8C084}.Release|Any CPU.Build.0 = Release|Any CPU
		{08C3CA31-1B96-4043-8626-6FBA99F8C084}.Debug|iPhoneSimulator.ActiveCfg = Debug|Any CPU
		{08C3CA31-1B96-4043-8626-6FBA99F8C084}.Debug|iPhoneSimulator.Build.0 = Debug|Any CPU
		{08C3CA31-1B96-4043-8626-6FBA99F8C084}.Release|iPhoneSimulator.ActiveCfg = Release|Any CPU
		{08C3CA31-1B96-4043-8626-6FBA99F8C084}.Release|iPhoneSimulator.Build.0 = Release|Any CPU
		{08C3CA31-1B96-4043-8626-6FBA99F8C084}.Debug|iPhone.ActiveCfg = Debug|Any CPU
		{08C3CA31-1B96-4043-8626-6FBA99F8C084}.Debug|iPhone.Build.0 = Debug|Any CPU
		{08C3CA31-1B96-4043-8626-6FBA99F8C084}.Release|iPhone.ActiveCfg = Release|Any CPU
		{08C3CA31-1B96-4043-8626-6FBA99F8C084}.Release|iPhone.Build.0 = Release|Any CPU
		{08C3CA31-1B96-4043-8626-6FBA99F8C084}.Ad-Hoc|iPhone.ActiveCfg = Debug|Any CPU
		{08C3CA31-1B96-4043-8626-6FBA99F8C084}.Ad-Hoc|iPhone.Build.0 = Debug|Any CPU
		{08C3CA31-1B96-4043-8626-6FBA99F8C084}.AppStore|iPhone.ActiveCfg = Debug|Any CPU
		{08C3CA31-1B96-4043-8626-6FBA99F8C084}.AppStore|iPhone.Build.0 = Debug|Any CPU
		{E16963D9-937B-45CE-9245-7995BA1B832C}.Debug|Any CPU.ActiveCfg = Debug|Any CPU
		{E16963D9-937B-45CE-9245-7995BA1B832C}.Debug|Any CPU.Build.0 = Debug|Any CPU
		{E16963D9-937B-45CE-9245-7995BA1B832C}.Release|Any CPU.ActiveCfg = Release|Any CPU
		{E16963D9-937B-45CE-9245-7995BA1B832C}.Release|Any CPU.Build.0 = Release|Any CPU
		{E16963D9-937B-45CE-9245-7995BA1B832C}.Debug|iPhoneSimulator.ActiveCfg = Debug|Any CPU
		{E16963D9-937B-45CE-9245-7995BA1B832C}.Debug|iPhoneSimulator.Build.0 = Debug|Any CPU
		{E16963D9-937B-45CE-9245-7995BA1B832C}.Release|iPhoneSimulator.ActiveCfg = Release|Any CPU
		{E16963D9-937B-45CE-9245-7995BA1B832C}.Release|iPhoneSimulator.Build.0 = Release|Any CPU
		{E16963D9-937B-45CE-9245-7995BA1B832C}.Debug|iPhone.ActiveCfg = Debug|Any CPU
		{E16963D9-937B-45CE-9245-7995BA1B832C}.Debug|iPhone.Build.0 = Debug|Any CPU
		{E16963D9-937B-45CE-9245-7995BA1B832C}.Release|iPhone.ActiveCfg = Release|Any CPU
		{E16963D9-937B-45CE-9245-7995BA1B832C}.Release|iPhone.Build.0 = Release|Any CPU
		{E16963D9-937B-45CE-9245-7995BA1B832C}.Ad-Hoc|iPhone.ActiveCfg = Debug|Any CPU
		{E16963D9-937B-45CE-9245-7995BA1B832C}.Ad-Hoc|iPhone.Build.0 = Debug|Any CPU
		{E16963D9-937B-45CE-9245-7995BA1B832C}.AppStore|iPhone.ActiveCfg = Debug|Any CPU
		{E16963D9-937B-45CE-9245-7995BA1B832C}.AppStore|iPhone.Build.0 = Debug|Any CPU
		{8ED0A8BE-5447-4788-AA36-EEE6FBAA9969}.Debug|Any CPU.ActiveCfg = Debug|Any CPU
		{8ED0A8BE-5447-4788-AA36-EEE6FBAA9969}.Debug|Any CPU.Build.0 = Debug|Any CPU
		{8ED0A8BE-5447-4788-AA36-EEE6FBAA9969}.Release|Any CPU.ActiveCfg = Release|Any CPU
		{8ED0A8BE-5447-4788-AA36-EEE6FBAA9969}.Release|Any CPU.Build.0 = Release|Any CPU
		{8ED0A8BE-5447-4788-AA36-EEE6FBAA9969}.Debug|iPhoneSimulator.ActiveCfg = Debug|Any CPU
		{8ED0A8BE-5447-4788-AA36-EEE6FBAA9969}.Debug|iPhoneSimulator.Build.0 = Debug|Any CPU
		{8ED0A8BE-5447-4788-AA36-EEE6FBAA9969}.Release|iPhoneSimulator.ActiveCfg = Release|Any CPU
		{8ED0A8BE-5447-4788-AA36-EEE6FBAA9969}.Release|iPhoneSimulator.Build.0 = Release|Any CPU
		{8ED0A8BE-5447-4788-AA36-EEE6FBAA9969}.Debug|iPhone.ActiveCfg = Debug|Any CPU
		{8ED0A8BE-5447-4788-AA36-EEE6FBAA9969}.Debug|iPhone.Build.0 = Debug|Any CPU
		{8ED0A8BE-5447-4788-AA36-EEE6FBAA9969}.Release|iPhone.ActiveCfg = Release|Any CPU
		{8ED0A8BE-5447-4788-AA36-EEE6FBAA9969}.Release|iPhone.Build.0 = Release|Any CPU
		{8ED0A8BE-5447-4788-AA36-EEE6FBAA9969}.Ad-Hoc|iPhone.ActiveCfg = Debug|Any CPU
		{8ED0A8BE-5447-4788-AA36-EEE6FBAA9969}.Ad-Hoc|iPhone.Build.0 = Debug|Any CPU
		{8ED0A8BE-5447-4788-AA36-EEE6FBAA9969}.AppStore|iPhone.ActiveCfg = Debug|Any CPU
		{8ED0A8BE-5447-4788-AA36-EEE6FBAA9969}.AppStore|iPhone.Build.0 = Debug|Any CPU
		{CB1530E1-68F5-4B8A-B1C1-7289CA33F3A4}.Debug|Any CPU.ActiveCfg = Debug|Any CPU
		{CB1530E1-68F5-4B8A-B1C1-7289CA33F3A4}.Debug|Any CPU.Build.0 = Debug|Any CPU
		{CB1530E1-68F5-4B8A-B1C1-7289CA33F3A4}.Release|Any CPU.ActiveCfg = Release|Any CPU
		{CB1530E1-68F5-4B8A-B1C1-7289CA33F3A4}.Release|Any CPU.Build.0 = Release|Any CPU
		{CB1530E1-68F5-4B8A-B1C1-7289CA33F3A4}.Debug|iPhoneSimulator.ActiveCfg = Debug|Any CPU
		{CB1530E1-68F5-4B8A-B1C1-7289CA33F3A4}.Debug|iPhoneSimulator.Build.0 = Debug|Any CPU
		{CB1530E1-68F5-4B8A-B1C1-7289CA33F3A4}.Release|iPhoneSimulator.ActiveCfg = Release|Any CPU
		{CB1530E1-68F5-4B8A-B1C1-7289CA33F3A4}.Release|iPhoneSimulator.Build.0 = Release|Any CPU
		{CB1530E1-68F5-4B8A-B1C1-7289CA33F3A4}.Debug|iPhone.ActiveCfg = Debug|Any CPU
		{CB1530E1-68F5-4B8A-B1C1-7289CA33F3A4}.Debug|iPhone.Build.0 = Debug|Any CPU
		{CB1530E1-68F5-4B8A-B1C1-7289CA33F3A4}.Release|iPhone.ActiveCfg = Release|Any CPU
		{CB1530E1-68F5-4B8A-B1C1-7289CA33F3A4}.Release|iPhone.Build.0 = Release|Any CPU
		{CB1530E1-68F5-4B8A-B1C1-7289CA33F3A4}.Ad-Hoc|iPhone.ActiveCfg = Debug|Any CPU
		{CB1530E1-68F5-4B8A-B1C1-7289CA33F3A4}.Ad-Hoc|iPhone.Build.0 = Debug|Any CPU
		{CB1530E1-68F5-4B8A-B1C1-7289CA33F3A4}.AppStore|iPhone.ActiveCfg = Debug|Any CPU
		{CB1530E1-68F5-4B8A-B1C1-7289CA33F3A4}.AppStore|iPhone.Build.0 = Debug|Any CPU
		{04275787-CD19-4D39-AC41-4686A6F1D771}.Debug|Any CPU.ActiveCfg = Debug|Any CPU
		{04275787-CD19-4D39-AC41-4686A6F1D771}.Debug|Any CPU.Build.0 = Debug|Any CPU
		{04275787-CD19-4D39-AC41-4686A6F1D771}.Release|Any CPU.ActiveCfg = Release|Any CPU
		{04275787-CD19-4D39-AC41-4686A6F1D771}.Release|Any CPU.Build.0 = Release|Any CPU
		{04275787-CD19-4D39-AC41-4686A6F1D771}.Debug|iPhoneSimulator.ActiveCfg = Debug|Any CPU
		{04275787-CD19-4D39-AC41-4686A6F1D771}.Debug|iPhoneSimulator.Build.0 = Debug|Any CPU
		{04275787-CD19-4D39-AC41-4686A6F1D771}.Release|iPhoneSimulator.ActiveCfg = Release|Any CPU
		{04275787-CD19-4D39-AC41-4686A6F1D771}.Release|iPhoneSimulator.Build.0 = Release|Any CPU
		{04275787-CD19-4D39-AC41-4686A6F1D771}.Debug|iPhone.ActiveCfg = Debug|Any CPU
		{04275787-CD19-4D39-AC41-4686A6F1D771}.Debug|iPhone.Build.0 = Debug|Any CPU
		{04275787-CD19-4D39-AC41-4686A6F1D771}.Release|iPhone.ActiveCfg = Release|Any CPU
		{04275787-CD19-4D39-AC41-4686A6F1D771}.Release|iPhone.Build.0 = Release|Any CPU
		{04275787-CD19-4D39-AC41-4686A6F1D771}.Ad-Hoc|iPhone.ActiveCfg = Debug|Any CPU
		{04275787-CD19-4D39-AC41-4686A6F1D771}.Ad-Hoc|iPhone.Build.0 = Debug|Any CPU
		{04275787-CD19-4D39-AC41-4686A6F1D771}.AppStore|iPhone.ActiveCfg = Debug|Any CPU
		{04275787-CD19-4D39-AC41-4686A6F1D771}.AppStore|iPhone.Build.0 = Debug|Any CPU
		{A6AEB9C8-1BB8-4A21-88DE-42453F651B18}.Debug|Any CPU.ActiveCfg = Debug|iPhoneSimulator
		{A6AEB9C8-1BB8-4A21-88DE-42453F651B18}.Debug|Any CPU.Build.0 = Debug|iPhoneSimulator
		{A6AEB9C8-1BB8-4A21-88DE-42453F651B18}.Release|Any CPU.ActiveCfg = Release|iPhoneSimulator
		{A6AEB9C8-1BB8-4A21-88DE-42453F651B18}.Release|Any CPU.Build.0 = Release|iPhoneSimulator
		{A6AEB9C8-1BB8-4A21-88DE-42453F651B18}.Debug|iPhoneSimulator.ActiveCfg = Debug|iPhoneSimulator
		{A6AEB9C8-1BB8-4A21-88DE-42453F651B18}.Debug|iPhoneSimulator.Build.0 = Debug|iPhoneSimulator
		{A6AEB9C8-1BB8-4A21-88DE-42453F651B18}.Release|iPhoneSimulator.ActiveCfg = Release|iPhoneSimulator
		{A6AEB9C8-1BB8-4A21-88DE-42453F651B18}.Release|iPhoneSimulator.Build.0 = Release|iPhoneSimulator
		{A6AEB9C8-1BB8-4A21-88DE-42453F651B18}.Debug|iPhone.ActiveCfg = Debug|iPhone
		{A6AEB9C8-1BB8-4A21-88DE-42453F651B18}.Debug|iPhone.Build.0 = Debug|iPhone
		{A6AEB9C8-1BB8-4A21-88DE-42453F651B18}.Release|iPhone.ActiveCfg = Release|iPhone
		{A6AEB9C8-1BB8-4A21-88DE-42453F651B18}.Release|iPhone.Build.0 = Release|iPhone
		{A6AEB9C8-1BB8-4A21-88DE-42453F651B18}.Ad-Hoc|iPhone.ActiveCfg = Ad-Hoc|iPhone
		{A6AEB9C8-1BB8-4A21-88DE-42453F651B18}.Ad-Hoc|iPhone.Build.0 = Ad-Hoc|iPhone
		{A6AEB9C8-1BB8-4A21-88DE-42453F651B18}.AppStore|iPhone.ActiveCfg = AppStore|iPhone
		{A6AEB9C8-1BB8-4A21-88DE-42453F651B18}.AppStore|iPhone.Build.0 = AppStore|iPhone
	EndGlobalSection
	GlobalSection(SolutionProperties) = preSolution
		HideSolutionNode = FALSE
	EndGlobalSection
	GlobalSection(ExtensibilityGlobals) = postSolution
		SolutionGuid = {503FD044-BFBE-4FFB-BDA2-C6749A4A54C3}
	EndGlobalSection
EndGlobal
