
Microsoft Visual Studio Solution File, Format Version 12.00
# Visual Studio 15
VisualStudioVersion = 15.0.27428.2015
MinimumVisualStudioVersion = 10.0.40219.1
Project("{FAE04EC0-301F-11D3-BF4B-00C04F79EFBC}") = "TME.Store.Android", "TME.Store.Android\TME.Store.Android.csproj", "{C1DCBC74-7FF2-4602-89F3-44590099743C}"
EndProject
Project("{9A19103F-16F7-4668-BE54-9A1E7A4F7556}") = "TME.Store", "TME.Store\TME.Store.csproj", "{69BD3162-A104-4C8C-B2E4-FBD3BA9E1BF4}"
EndProject
Project("{FAE04EC0-301F-11D3-BF4B-00C04F79EFBC}") = "tmeapiwrapper", "tmeapiwrapper\tmeapiwrapper.csproj", "{0FCF8955-0B1B-4060-B26A-1A32314FD3C0}"
EndProject
Global
	GlobalSection(SolutionConfigurationPlatforms) = preSolution
		Debug|Any CPU = Debug|Any CPU
		Release|Any CPU = Release|Any CPU
	EndGlobalSection
	GlobalSection(ProjectConfigurationPlatforms) = postSolution
		{C1DCBC74-7FF2-4602-89F3-44590099743C}.Debug|Any CPU.ActiveCfg = Debug|Any CPU
		{C1DCBC74-7FF2-4602-89F3-44590099743C}.Debug|Any CPU.Build.0 = Debug|Any CPU
		{C1DCBC74-7FF2-4602-89F3-44590099743C}.Debug|Any CPU.Deploy.0 = Debug|Any CPU
		{C1DCBC74-7FF2-4602-89F3-44590099743C}.Release|Any CPU.ActiveCfg = Release|Any CPU
		{C1DCBC74-7FF2-4602-89F3-44590099743C}.Release|Any CPU.Build.0 = Release|Any CPU
		{C1DCBC74-7FF2-4602-89F3-44590099743C}.Release|Any CPU.Deploy.0 = Release|Any CPU
		{69BD3162-A104-4C8C-B2E4-FBD3BA9E1BF4}.Debug|Any CPU.ActiveCfg = Debug|Any CPU
		{69BD3162-A104-4C8C-B2E4-FBD3BA9E1BF4}.Debug|Any CPU.Build.0 = Debug|Any CPU
		{69BD3162-A104-4C8C-B2E4-FBD3BA9E1BF4}.Release|Any CPU.ActiveCfg = Release|Any CPU
		{69BD3162-A104-4C8C-B2E4-FBD3BA9E1BF4}.Release|Any CPU.Build.0 = Release|Any CPU
		{0FCF8955-0B1B-4060-B26A-1A32314FD3C0}.Debug|Any CPU.ActiveCfg = Debug|Any CPU
		{0FCF8955-0B1B-4060-B26A-1A32314FD3C0}.Debug|Any CPU.Build.0 = Debug|Any CPU
		{0FCF8955-0B1B-4060-B26A-1A32314FD3C0}.Release|Any CPU.ActiveCfg = Release|Any CPU
		{0FCF8955-0B1B-4060-B26A-1A32314FD3C0}.Release|Any CPU.Build.0 = Release|Any CPU
	EndGlobalSection
	GlobalSection(SolutionProperties) = preSolution
		HideSolutionNode = FALSE
	EndGlobalSection
	GlobalSection(ExtensibilityGlobals) = postSolution
		SolutionGuid = {503FD044-BFBE-4FFB-BDA2-C6749A4A54C3}
	EndGlobalSection
EndGlobal
